// !$*UTF8*$!
{
	archiveVersion = 1;
	classes = {
	};
	objectVersion = 77;
	objects = {

/* Begin PBXBuildFile section */
		6F7C62E82F7257AD0028FA9C /* AppDelegate.swift in Sources */ = {isa = PBXBuildFile; fileRef = 6F7C62E72F7257AD0028FA9C /* AppDelegate.swift */; };
		6F7C62EC2F7257AD0028FA9C /* Main.html in Resources */ = {isa = PBXBuildFile; fileRef = 6F7C62EA2F7257AD0028FA9C /* Main.html */; };
		6F7C62EE2F7257AD0028FA9C /* Icon.png in Resources */ = {isa = PBXBuildFile; fileRef = 6F7C62ED2F7257AD0028FA9C /* Icon.png */; };
		6F7C62F02F7257AD0028FA9C /* Style.css in Resources */ = {isa = PBXBuildFile; fileRef = 6F7C62EF2F7257AD0028FA9C /* Style.css */; };
		6F7C62F22F7257AD0028FA9C /* Script.js in Resources */ = {isa = PBXBuildFile; fileRef = 6F7C62F12F7257AD0028FA9C /* Script.js */; };
		6F7C62F42F7257AD0028FA9C /* ViewController.swift in Sources */ = {isa = PBXBuildFile; fileRef = 6F7C62F32F7257AD0028FA9C /* ViewController.swift */; };
		6F7C62F72F7257AD0028FA9C /* Main.storyboard in Resources */ = {isa = PBXBuildFile; fileRef = 6F7C62F52F7257AD0028FA9C /* Main.storyboard */; };
		6F7C62F92F7257AE0028FA9C /* Assets.xcassets in Resources */ = {isa = PBXBuildFile; fileRef = 6F7C62F82F7257AE0028FA9C /* Assets.xcassets */; };
		6F7C63002F7257AF0028FA9C /* SNAPPED Extension.appex in Embed Foundation Extensions */ = {isa = PBXBuildFile; fileRef = 6F7C62FF2F7257AF0028FA9C /* SNAPPED Extension.appex */; settings = {ATTRIBUTES = (RemoveHeadersOnCopy, ); }; };
		6F7C63052F7257AF0028FA9C /* SafariWebExtensionHandler.swift in Sources */ = {isa = PBXBuildFile; fileRef = 6F7C63042F7257AF0028FA9C /* SafariWebExtensionHandler.swift */; };
		6F7C63172F7257AF0028FA9C /* background in Resources */ = {isa = PBXBuildFile; fileRef = 6F7C63112F7257AF0028FA9C /* background */; };
		6F7C63182F7257AF0028FA9C /* popup in Resources */ = {isa = PBXBuildFile; fileRef = 6F7C63122F7257AF0028FA9C /* popup */; };
		6F7C63192F7257AF0028FA9C /* content in Resources */ = {isa = PBXBuildFile; fileRef = 6F7C63132F7257AF0028FA9C /* content */; };
		6F7C631A2F7257AF0028FA9C /* shared in Resources */ = {isa = PBXBuildFile; fileRef = 6F7C63142F7257AF0028FA9C /* shared */; };
		6F7C631B2F7257AF0028FA9C /* icons in Resources */ = {isa = PBXBuildFile; fileRef = 6F7C63152F7257AF0028FA9C /* icons */; };
		6F7C631C2F7257AF0028FA9C /* manifest.json in Resources */ = {isa = PBXBuildFile; fileRef = 6F7C63162F7257AF0028FA9C /* manifest.json */; };
/* End PBXBuildFile section */

/* Begin PBXContainerItemProxy section */
		6F7C63012F7257AF0028FA9C /* PBXContainerItemProxy */ = {
			isa = PBXContainerItemProxy;
			containerPortal = 6F7C62DC2F7257AD0028FA9C /* Project object */;
			proxyType = 1;
			remoteGlobalIDString = 6F7C62FE2F7257AF0028FA9C;
			remoteInfo = "SNAPPED Extension";
		};
/* End PBXContainerItemProxy section */

/* Begin PBXCopyFilesBuildPhase section */
		6F7C630C2F7257AF0028FA9C /* Embed Foundation Extensions */ = {
			isa = PBXCopyFilesBuildPhase;
			buildActionMask = 2147483647;
			dstPath = "";
			dstSubfolderSpec = 13;
			files = (
				6F7C63002F7257AF0028FA9C /* SNAPPED Extension.appex in Embed Foundation Extensions */,
			);
			name = "Embed Foundation Extensions";
			runOnlyForDeploymentPostprocessing = 0;
		};
/* End PBXCopyFilesBuildPhase section */

/* Begin PBXFileReference section */
		6F7C62E42F7257AD0028FA9C /* SNAPPED.app */ = {isa = PBXFileReference; explicitFileType = wrapper.application; includeInIndex = 0; path = SNAPPED.app; sourceTree = BUILT_PRODUCTS_DIR; };
		6F7C62E72F7257AD0028FA9C /* AppDelegate.swift */ = {isa = PBXFileReference; lastKnownFileType = sourcecode.swift; path = AppDelegate.swift; sourceTree = "<group>"; };
		6F7C62EB2F7257AD0028FA9C /* Base */ = {isa = PBXFileReference; lastKnownFileType = text.html; name = Base; path = Base.lproj/Main.html; sourceTree = "<group>"; };
		6F7C62ED2F7257AD0028FA9C /* Icon.png */ = {isa = PBXFileReference; lastKnownFileType = image.png; path = Icon.png; sourceTree = "<group>"; };
		6F7C62EF2F7257AD0028FA9C /* Style.css */ = {isa = PBXFileReference; lastKnownFileType = text.css; path = Style.css; sourceTree = "<group>"; };
		6F7C62F12F7257AD0028FA9C /* Script.js */ = {isa = PBXFileReference; lastKnownFileType = sourcecode.javascript; path = Script.js; sourceTree = "<group>"; };
		6F7C62F32F7257AD0028FA9C /* ViewController.swift */ = {isa = PBXFileReference; lastKnownFileType = sourcecode.swift; path = ViewController.swift; sourceTree = "<group>"; };
		6F7C62F62F7257AD0028FA9C /* Base */ = {isa = PBXFileReference; lastKnownFileType = file.storyboard; name = Base; path = Base.lproj/Main.storyboard; sourceTree = "<group>"; };
		6F7C62F82F7257AE0028FA9C /* Assets.xcassets */ = {isa = PBXFileReference; lastKnownFileType = folder.assetcatalog; path = Assets.xcassets; sourceTree = "<group>"; };
		6F7C62FA2F7257AE0028FA9C /* Info.plist */ = {isa = PBXFileReference; lastKnownFileType = text.plist.xml; path = Info.plist; sourceTree = "<group>"; };
		6F7C62FF2F7257AF0028FA9C /* SNAPPED Extension.appex */ = {isa = PBXFileReference; explicitFileType = "wrapper.app-extension"; includeInIndex = 0; path = "SNAPPED Extension.appex"; sourceTree = BUILT_PRODUCTS_DIR; };
		6F7C63042F7257AF0028FA9C /* SafariWebExtensionHandler.swift */ = {isa = PBXFileReference; lastKnownFileType = sourcecode.swift; path = SafariWebExtensionHandler.swift; sourceTree = "<group>"; };
		6F7C63062F7257AF0028FA9C /* Info.plist */ = {isa = PBXFileReference; lastKnownFileType = text.plist.xml; path = Info.plist; sourceTree = "<group>"; };
		6F7C63112F7257AF0028FA9C /* background */ = {isa = PBXFileReference; lastKnownFileType = folder; name = background; path = ../../extension/background; sourceTree = "<group>"; };
		6F7C63122F7257AF0028FA9C /* popup */ = {isa = PBXFileReference; lastKnownFileType = folder; name = popup; path = ../../extension/popup; sourceTree = "<group>"; };
		6F7C63132F7257AF0028FA9C /* content */ = {isa = PBXFileReference; lastKnownFileType = folder; name = content; path = ../../extension/content; sourceTree = "<group>"; };
		6F7C63142F7257AF0028FA9C /* shared */ = {isa = PBXFileReference; lastKnownFileType = folder; name = shared; path = ../../extension/shared; sourceTree = "<group>"; };
		6F7C63152F7257AF0028FA9C /* icons */ = {isa = PBXFileReference; lastKnownFileType = folder; name = icons; path = ../../extension/icons; sourceTree = "<group>"; };
		6F7C63162F7257AF0028FA9C /* manifest.json */ = {isa = PBXFileReference; lastKnownFileType = text.json; name = manifest.json; path = ../../extension/manifest.json; sourceTree = "<group>"; };
/* End PBXFileReference section */

/* Begin PBXFrameworksBuildPhase section */
		6F7C62E12F7257AD0028FA9C /* Frameworks */ = {
			isa = PBXFrameworksBuildPhase;
			buildActionMask = 2147483647;
			files = (
			);
			runOnlyForDeploymentPostprocessing = 0;
		};
		6F7C62FC2F7257AF0028FA9C /* Frameworks */ = {
			isa = PBXFrameworksBuildPhase;
			buildActionMask = 2147483647;
			files = (
			);
			runOnlyForDeploymentPostprocessing = 0;
		};
/* End PBXFrameworksBuildPhase section */

/* Begin PBXGroup section */
		6F7C62DB2F7257AD0028FA9C = {
			isa = PBXGroup;
			children = (
				6F7C62E62F7257AD0028FA9C /* SNAPPED */,
				6F7C63032F7257AF0028FA9C /* SNAPPED Extension */,
				6F7C62E52F7257AD0028FA9C /* Products */,
			);
			sourceTree = "<group>";
		};
		6F7C62E52F7257AD0028FA9C /* Products */ = {
			isa = PBXGroup;
			children = (
				6F7C62E42F7257AD0028FA9C /* SNAPPED.app */,
				6F7C62FF2F7257AF0028FA9C /* SNAPPED Extension.appex */,
			);
			name = Products;
			sourceTree = "<group>";
		};
		6F7C62E62F7257AD0028FA9C /* SNAPPED */ = {
			isa = PBXGroup;
			children = (
				6F7C62E72F7257AD0028FA9C /* AppDelegate.swift */,
				6F7C62F32F7257AD0028FA9C /* ViewController.swift */,
				6F7C62F52F7257AD0028FA9C /* Main.storyboard */,
				6F7C62F82F7257AE0028FA9C /* Assets.xcassets */,
				6F7C62FA2F7257AE0028FA9C /* Info.plist */,
				6F7C62E92F7257AD0028FA9C /* Resources */,
			);
			path = SNAPPED;
			sourceTree = "<group>";
		};
		6F7C62E92F7257AD0028FA9C /* Resources */ = {
			isa = PBXGroup;
			children = (
				6F7C62EA2F7257AD0028FA9C /* Main.html */,
				6F7C62ED2F7257AD0028FA9C /* Icon.png */,
				6F7C62EF2F7257AD0028FA9C /* Style.css */,
				6F7C62F12F7257AD0028FA9C /* Script.js */,
			);
			path = Resources;
			sourceTree = "<group>";
		};
		6F7C63032F7257AF0028FA9C /* SNAPPED Extension */ = {
			isa = PBXGroup;
			children = (
				6F7C63102F7257AF0028FA9C /* Resources */,
				6F7C63042F7257AF0028FA9C /* SafariWebExtensionHandler.swift */,
				6F7C63062F7257AF0028FA9C /* Info.plist */,
			);
			path = "SNAPPED Extension";
			sourceTree = "<group>";
		};
		6F7C63102F7257AF0028FA9C /* Resources */ = {
			isa = PBXGroup;
			children = (
				6F7C63112F7257AF0028FA9C /* background */,
				6F7C63122F7257AF0028FA9C /* popup */,
				6F7C63132F7257AF0028FA9C /* content */,
				6F7C63142F7257AF0028FA9C /* shared */,
				6F7C63152F7257AF0028FA9C /* icons */,
				6F7C63162F7257AF0028FA9C /* manifest.json */,
			);
			name = Resources;
			path = "SNAPPED Extension";
			sourceTree = SOURCE_ROOT;
		};
/* End PBXGroup section */

/* Begin PBXNativeTarget section */
		6F7C62E32F7257AD0028FA9C /* SNAPPED */ = {
			isa = PBXNativeTarget;
			buildConfigurationList = 6F7C630D2F7257AF0028FA9C /* Build configuration list for PBXNativeTarget "SNAPPED" */;
			buildPhases = (
				6F7C62E02F7257AD0028FA9C /* Sources */,
				6F7C62E12F7257AD0028FA9C /* Frameworks */,
				6F7C62E22F7257AD0028FA9C /* Resources */,
				6F7C630C2F7257AF0028FA9C /* Embed Foundation Extensions */,
			);
			buildRules = (
			);
			dependencies = (
				6F7C63022F7257AF0028FA9C /* PBXTargetDependency */,
			);
			name = SNAPPED;
			packageProductDependencies = (
			);
			productName = SNAPPED;
			productReference = 6F7C62E42F7257AD0028FA9C /* SNAPPED.app */;
			productType = "com.apple.product-type.application";
		};
		6F7C62FE2F7257AF0028FA9C /* SNAPPED Extension */ = {
			isa = PBXNativeTarget;
			buildConfigurationList = 6F7C63092F7257AF0028FA9C /* Build configuration list for PBXNativeTarget "SNAPPED Extension" */;
			buildPhases = (
				6F7C62FB2F7257AF0028FA9C /* Sources */,
				6F7C62FC2F7257AF0028FA9C /* Frameworks */,
				6F7C62FD2F7257AF0028FA9C /* Resources */,
			);
			buildRules = (
			);
			dependencies = (
			);
			name = "SNAPPED Extension";
			packageProductDependencies = (
			);
			productName = "SNAPPED Extension";
			productReference = 6F7C62FF2F7257AF0028FA9C /* SNAPPED Extension.appex */;
			productType = "com.apple.product-type.app-extension";
		};
/* End PBXNativeTarget section */

/* Begin PBXProject section */
		6F7C62DC2F7257AD0028FA9C /* Project object */ = {
			isa = PBXProject;
			attributes = {
				BuildIndependentTargetsInParallel = 1;
				LastSwiftUpdateCheck = 2630;
				LastUpgradeCheck = 2630;
				TargetAttributes = {
					6F7C62E32F7257AD0028FA9C = {
						CreatedOnToolsVersion = 26.3;
					};
					6F7C62FE2F7257AF0028FA9C = {
						CreatedOnToolsVersion = 26.3;
					};
				};
			};
			buildConfigurationList = 6F7C62DF2F7257AD0028FA9C /* Build configuration list for PBXProject "SNAPPED" */;
			developmentRegion = en;
			hasScannedForEncodings = 0;
			knownRegions = (
				en,
				Base,
			);
			mainGroup = 6F7C62DB2F7257AD0028FA9C;
			minimizedProjectReferenceProxies = 1;
			preferredProjectObjectVersion = 77;
			productRefGroup = 6F7C62E52F7257AD0028FA9C /* Products */;
			projectDirPath = "";
			projectRoot = "";
			targets = (
				6F7C62E32F7257AD0028FA9C /* SNAPPED */,
				6F7C62FE2F7257AF0028FA9C /* SNAPPED Extension */,
			);
		};
/* End PBXProject section */

/* Begin PBXResourcesBuildPhase section */
		6F7C62E22F7257AD0028FA9C /* Resources */ = {
			isa = PBXResourcesBuildPhase;
			buildActionMask = 2147483647;
			files = (
				6F7C62EE2F7257AD0028FA9C /* Icon.png in Resources */,
				6F7C62F72F7257AD0028FA9C /* Main.storyboard in Resources */,
				6F7C62F22F7257AD0028FA9C /* Script.js in Resources */,
				6F7C62EC2F7257AD0028FA9C /* Main.html in Resources */,
				6F7C62F92F7257AE0028FA9C /* Assets.xcassets in Resources */,
				6F7C62F02F7257AD0028FA9C /* Style.css in Resources */,
			);
			runOnlyForDeploymentPostprocessing = 0;
		};
		6F7C62FD2F7257AF0028FA9C /* Resources */ = {
			isa = PBXResourcesBuildPhase;
			buildActionMask = 2147483647;
			files = (
				6F7C63192F7257AF0028FA9C /* content in Resources */,
				6F7C631A2F7257AF0028FA9C /* shared in Resources */,
				6F7C63172F7257AF0028FA9C /* background in Resources */,
				6F7C631B2F7257AF0028FA9C /* icons in Resources */,
				6F7C631C2F7257AF0028FA9C /* manifest.json in Resources */,
				6F7C63182F7257AF0028FA9C /* popup in Resources */,
			);
			runOnlyForDeploymentPostprocessing = 0;
		};
/* End PBXResourcesBuildPhase section */

/* Begin PBXSourcesBuildPhase section */
		6F7C62E02F7257AD0028FA9C /* Sources */ = {
			isa = PBXSourcesBuildPhase;
			buildActionMask = 2147483647;
			files = (
				6F7C62F42F7257AD0028FA9C /* ViewController.swift in Sources */,
				6F7C62E82F7257AD0028FA9C /* AppDelegate.swift in Sources */,
			);
			runOnlyForDeploymentPostprocessing = 0;
		};
		6F7C62FB2F7257AF0028FA9C /* Sources */ = {
			isa = PBXSourcesBuildPhase;
			buildActionMask = 2147483647;
			files = (
				6F7C63052F7257AF0028FA9C /* SafariWebExtensionHandler.swift in Sources */,
			);
			runOnlyForDeploymentPostprocessing = 0;
		};
/* End PBXSourcesBuildPhase section */

/* Begin PBXTargetDependency section */
		6F7C63022F7257AF0028FA9C /* PBXTargetDependency */ = {
			isa = PBXTargetDependency;
			target = 6F7C62FE2F7257AF0028FA9C /* SNAPPED Extension */;
			targetProxy = 6F7C63012F7257AF0028FA9C /* PBXContainerItemProxy */;
		};
/* End PBXTargetDependency section */

/* Begin PBXVariantGroup section */
		6F7C62EA2F7257AD0028FA9C /* Main.html */ = {
			isa = PBXVariantGroup;
			children = (
				6F7C62EB2F7257AD0028FA9C /* Base */,
			);
			name = Main.html;
			sourceTree = "<group>";
		};
		6F7C62F52F7257AD0028FA9C /* Main.storyboard */ = {
			isa = PBXVariantGroup;
			children = (
				6F7C62F62F7257AD0028FA9C /* Base */,
			);
			name = Main.storyboard;
			sourceTree = "<group>";
		};
/* End PBXVariantGroup section */

/* Begin XCBuildConfiguration section */
		6F7C63072F7257AF0028FA9C /* Debug */ = {
			isa = XCBuildConfiguration;
			buildSettings = {
				ALWAYS_SEARCH_USER_PATHS = NO;
				ASSETCATALOG_COMPILER_GENERATE_SWIFT_ASSET_SYMBOL_EXTENSIONS = YES;
				CLANG_ANALYZER_NONNULL = YES;
				CLANG_ANALYZER_NUMBER_OBJECT_CONVERSION = YES_AGGRESSIVE;
				CLANG_CXX_LANGUAGE_STANDARD = "gnu++20";
				CLANG_ENABLE_MODULES = YES;
				CLANG_ENABLE_OBJC_ARC = YES;
				CLANG_ENABLE_OBJC_WEAK = YES;
				CLANG_WARN_BLOCK_CAPTURE_AUTORELEASING = YES;
				CLANG_WARN_BOOL_CONVERSION = YES;
				CLANG_WARN_COMMA = YES;
				CLANG_WARN_CONSTANT_CONVERSION = YES;
				CLANG_WARN_DEPRECATED_OBJC_IMPLEMENTATIONS = YES;
				CLANG_WARN_DIRECT_OBJC_ISA_USAGE = YES_ERROR;
				CLANG_WARN_DOCUMENTATION_COMMENTS = YES;
				CLANG_WARN_EMPTY_BODY = YES;
				CLANG_WARN_ENUM_CONVERSION = YES;
				CLANG_WARN_INFINITE_RECURSION = YES;
				CLANG_WARN_INT_CONVERSION = YES;
				CLANG_WARN_NON_LITERAL_NULL_CONVERSION = YES;
				CLANG_WARN_OBJC_IMPLICIT_RETAIN_SELF = YES;
				CLANG_WARN_OBJC_LITERAL_CONVERSION = YES;
				CLANG_WARN_OBJC_ROOT_CLASS = YES_ERROR;
				CLANG_WARN_QUOTED_INCLUDE_IN_FRAMEWORK_HEADER = YES;
				CLANG_WARN_RANGE_LOOP_ANALYSIS = YES;
				CLANG_WARN_STRICT_PROTOTYPES = YES;
				CLANG_WARN_SUSPICIOUS_MOVE = YES;
				CLANG_WARN_UNGUARDED_AVAILABILITY = YES_AGGRESSIVE;
				CLANG_WARN_UNREACHABLE_CODE = YES;
				CLANG_WARN__DUPLICATE_METHOD_MATCH = YES;
				COPY_PHASE_STRIP = NO;
				DEBUG_INFORMATION_FORMAT = dwarf;
				ENABLE_STRICT_OBJC_MSGSEND = YES;
				ENABLE_TESTABILITY = YES;
				ENABLE_USER_SCRIPT_SANDBOXING = YES;
				GCC_C_LANGUAGE_STANDARD = gnu17;
				GCC_DYNAMIC_NO_PIC = NO;
				GCC_NO_COMMON_BLOCKS = YES;
				GCC_OPTIMIZATION_LEVEL = 0;
				GCC_PREPROCESSOR_DEFINITIONS = (
					"DEBUG=1",
					"$(inherited)",
				);
				GCC_WARN_64_TO_32_BIT_CONVERSION = YES;
				GCC_WARN_ABOUT_RETURN_TYPE = YES_ERROR;
				GCC_WARN_UNDECLARED_SELECTOR = YES;
				GCC_WARN_UNINITIALIZED_AUTOS = YES_AGGRESSIVE;
				GCC_WARN_UNUSED_FUNCTION = YES;
				GCC_WARN_UNUSED_VARIABLE = YES;
				LOCALIZATION_PREFERS_STRING_CATALOGS = YES;
				MACOSX_DEPLOYMENT_TARGET = 26.2;
				MTL_ENABLE_DEBUG_INFO = INCLUDE_SOURCE;
				MTL_FAST_MATH = YES;
				ONLY_ACTIVE_ARCH = YES;
				SDKROOT = macosx;
				SWIFT_ACTIVE_COMPILATION_CONDITIONS = "DEBUG $(inherited)";
				SWIFT_OPTIMIZATION_LEVEL = "-Onone";
			};
			name = Debug;
		};
		6F7C63082F7257AF0028FA9C /* Release */ = {
			isa = XCBuildConfiguration;
			buildSettings = {
				ALWAYS_SEARCH_USER_PATHS = NO;
				ASSETCATALOG_COMPILER_GENERATE_SWIFT_ASSET_SYMBOL_EXTENSIONS = YES;
				CLANG_ANALYZER_NONNULL = YES;
				CLANG_ANALYZER_NUMBER_OBJECT_CONVERSION = YES_AGGRESSIVE;
				CLANG_CXX_LANGUAGE_STANDARD = "gnu++20";
				CLANG_ENABLE_MODULES = YES;
				CLANG_ENABLE_OBJC_ARC = YES;
				CLANG_ENABLE_OBJC_WEAK = YES;
				CLANG_WARN_BLOCK_CAPTURE_AUTORELEASING = YES;
				CLANG_WARN_BOOL_CONVERSION = YES;
				CLANG_WARN_COMMA = YES;
				CLANG_WARN_CONSTANT_CONVERSION = YES;
				CLANG_WARN_DEPRECATED_OBJC_IMPLEMENTATIONS = YES;
				CLANG_WARN_DIRECT_OBJC_ISA_USAGE = YES_ERROR;
				CLANG_WARN_DOCUMENTATION_COMMENTS = YES;
				CLANG_WARN_EMPTY_BODY = YES;
				CLANG_WARN_ENUM_CONVERSION = YES;
				CLANG_WARN_INFINITE_RECURSION = YES;
				CLANG_WARN_INT_CONVERSION = YES;
				CLANG_WARN_NON_LITERAL_NULL_CONVERSION = YES;
				CLANG_WARN_OBJC_IMPLICIT_RETAIN_SELF = YES;
				CLANG_WARN_OBJC_LITERAL_CONVERSION = YES;
				CLANG_WARN_OBJC_ROOT_CLASS = YES_ERROR;
				CLANG_WARN_QUOTED_INCLUDE_IN_FRAMEWORK_HEADER = YES;
				CLANG_WARN_RANGE_LOOP_ANALYSIS = YES;
				CLANG_WARN_STRICT_PROTOTYPES = YES;
				CLANG_WARN_SUSPICIOUS_MOVE = YES;
				CLANG_WARN_UNGUARDED_AVAILABILITY = YES_AGGRESSIVE;
				CLANG_WARN_UNREACHABLE_CODE = YES;
				CLANG_WARN__DUPLICATE_METHOD_MATCH = YES;
				COPY_PHASE_STRIP = NO;
				DEBUG_INFORMATION_FORMAT = "dwarf-with-dsym";
				ENABLE_NS_ASSERTIONS = NO;
				ENABLE_STRICT_OBJC_MSGSEND = YES;
				ENABLE_USER_SCRIPT_SANDBOXING = YES;
				GCC_C_LANGUAGE_STANDARD = gnu17;
				GCC_NO_COMMON_BLOCKS = YES;
				GCC_WARN_64_TO_32_BIT_CONVERSION = YES;
				GCC_WARN_ABOUT_RETURN_TYPE = YES_ERROR;
				GCC_WARN_UNDECLARED_SELECTOR = YES;
				GCC_WARN_UNINITIALIZED_AUTOS = YES_AGGRESSIVE;
				GCC_WARN_UNUSED_FUNCTION = YES;
				GCC_WARN_UNUSED_VARIABLE = YES;
				LOCALIZATION_PREFERS_STRING_CATALOGS = YES;
				MACOSX_DEPLOYMENT_TARGET = 26.2;
				MTL_ENABLE_DEBUG_INFO = NO;
				MTL_FAST_MATH = YES;
				SDKROOT = macosx;
				SWIFT_COMPILATION_MODE = wholemodule;
			};
			name = Release;
		};
		6F7C630A2F7257AF0028FA9C /* Debug */ = {
			isa = XCBuildConfiguration;
			buildSettings = {
				CODE_SIGN_STYLE = Automatic;
				CURRENT_PROJECT_VERSION = 1;
				ENABLE_APP_SANDBOX = YES;
				ENABLE_HARDENED_RUNTIME = YES;
				ENABLE_USER_SELECTED_FILES = readonly;
				GENERATE_INFOPLIST_FILE = YES;
				INFOPLIST_FILE = "SNAPPED Extension/Info.plist";
				INFOPLIST_KEY_CFBundleDisplayName = "SNAPPED Extension";
				INFOPLIST_KEY_NSHumanReadableCopyright = "";
				LD_RUNPATH_SEARCH_PATHS = (
					"$(inherited)",
					"@executable_path/../Frameworks",
					"@executable_path/../../../../Frameworks",
				);
				MACOSX_DEPLOYMENT_TARGET = 10.14;
				MARKETING_VERSION = 1.0;
				OTHER_LDFLAGS = (
					"-framework",
					SafariServices,
				);
				PRODUCT_BUNDLE_IDENTIFIER = com.kevinauerbach.SNAPPED.Extension;
				PRODUCT_NAME = "$(TARGET_NAME)";
				SKIP_INSTALL = YES;
				STRING_CATALOG_GENERATE_SYMBOLS = YES;
				SWIFT_APPROACHABLE_CONCURRENCY = YES;
				SWIFT_EMIT_LOC_STRINGS = YES;
				SWIFT_UPCOMING_FEATURE_MEMBER_IMPORT_VISIBILITY = YES;
				SWIFT_VERSION = 5.0;
			};
			name = Debug;
		};
		6F7C630B2F7257AF0028FA9C /* Release */ = {
			isa = XCBuildConfiguration;
			buildSettings = {
				CODE_SIGN_STYLE = Automatic;
				CURRENT_PROJECT_VERSION = 1;
				ENABLE_APP_SANDBOX = YES;
				ENABLE_HARDENED_RUNTIME = YES;
				ENABLE_USER_SELECTED_FILES = readonly;
				GENERATE_INFOPLIST_FILE = YES;
				INFOPLIST_FILE = "SNAPPED Extension/Info.plist";
				INFOPLIST_KEY_CFBundleDisplayName = "SNAPPED Extension";
				INFOPLIST_KEY_NSHumanReadableCopyright = "";
				LD_RUNPATH_SEARCH_PATHS = (
					"$(inherited)",
					"@executable_path/../Frameworks",
					"@executable_path/../../../../Frameworks",
				);
				MACOSX_DEPLOYMENT_TARGET = 10.14;
				MARKETING_VERSION = 1.0;
				OTHER_LDFLAGS = (
					"-framework",
					SafariServices,
				);
				PRODUCT_BUNDLE_IDENTIFIER = com.kevinauerbach.SNAPPED.Extension;
				PRODUCT_NAME = "$(TARGET_NAME)";
				SKIP_INSTALL = YES;
				STRING_CATALOG_GENERATE_SYMBOLS = YES;
				SWIFT_APPROACHABLE_CONCURRENCY = YES;
				SWIFT_EMIT_LOC_STRINGS = YES;
				SWIFT_UPCOMING_FEATURE_MEMBER_IMPORT_VISIBILITY = YES;
				SWIFT_VERSION = 5.0;
			};
			name = Release;
		};
		6F7C630E2F7257AF0028FA9C /* Debug */ = {
			isa = XCBuildConfiguration;
			buildSettings = {
				ASSETCATALOG_COMPILER_APPICON_NAME = AppIcon;
				ASSETCATALOG_COMPILER_GLOBAL_ACCENT_COLOR_NAME = AccentColor;
				CODE_SIGN_STYLE = Automatic;
				COMBINE_HIDPI_IMAGES = YES;
				CURRENT_PROJECT_VERSION = 1;
				ENABLE_APP_SANDBOX = YES;
				ENABLE_HARDENED_RUNTIME = YES;
				ENABLE_OUTGOING_NETWORK_CONNECTIONS = YES;
				ENABLE_USER_SELECTED_FILES = readonly;
				GENERATE_INFOPLIST_FILE = YES;
				INFOPLIST_FILE = SNAPPED/Info.plist;
				INFOPLIST_KEY_CFBundleDisplayName = SNAPPED;
				INFOPLIST_KEY_NSHumanReadableCopyright = "";
				INFOPLIST_KEY_NSMainStoryboardFile = Main;
				INFOPLIST_KEY_NSPrincipalClass = NSApplication;
				LD_RUNPATH_SEARCH_PATHS = (
					"$(inherited)",
					"@executable_path/../Frameworks",
				);
				MARKETING_VERSION = 1.0;
				OTHER_LDFLAGS = (
					"-framework",
					SafariServices,
					"-framework",
					WebKit,
				);
				PRODUCT_BUNDLE_IDENTIFIER = com.kevinauerbach.SNAPPED;
				PRODUCT_NAME = "$(TARGET_NAME)";
				REGISTER_APP_GROUPS = YES;
				STRING_CATALOG_GENERATE_SYMBOLS = YES;
				SWIFT_APPROACHABLE_CONCURRENCY = YES;
				SWIFT_DEFAULT_ACTOR_ISOLATION = MainActor;
				SWIFT_EMIT_LOC_STRINGS = YES;
				SWIFT_UPCOMING_FEATURE_MEMBER_IMPORT_VISIBILITY = YES;
				SWIFT_VERSION = 5.0;
			};
			name = Debug;
		};
		6F7C630F2F7257AF0028FA9C /* Release */ = {
			isa = XCBuildConfiguration;
			buildSettings = {
				ASSETCATALOG_COMPILER_APPICON_NAME = AppIcon;
				ASSETCATALOG_COMPILER_GLOBAL_ACCENT_COLOR_NAME = AccentColor;
				CODE_SIGN_STYLE = Automatic;
				COMBINE_HIDPI_IMAGES = YES;
				CURRENT_PROJECT_VERSION = 1;
				ENABLE_APP_SANDBOX = YES;
				ENABLE_HARDENED_RUNTIME = YES;
				ENABLE_OUTGOING_NETWORK_CONNECTIONS = YES;
				ENABLE_USER_SELECTED_FILES = readonly;
				GENERATE_INFOPLIST_FILE = YES;
				INFOPLIST_FILE = SNAPPED/Info.plist;
				INFOPLIST_KEY_CFBundleDisplayName = SNAPPED;
				INFOPLIST_KEY_NSHumanReadableCopyright = "";
				INFOPLIST_KEY_NSMainStoryboardFile = Main;
				INFOPLIST_KEY_NSPrincipalClass = NSApplication;
				LD_RUNPATH_SEARCH_PATHS = (
					"$(inherited)",
					"@executable_path/../Frameworks",
				);
				MARKETING_VERSION = 1.0;
				OTHER_LDFLAGS = (
					"-framework",
					SafariServices,
					"-framework",
					WebKit,
				);
				PRODUCT_BUNDLE_IDENTIFIER = com.kevinauerbach.SNAPPED;
				PRODUCT_NAME = "$(TARGET_NAME)";
				REGISTER_APP_GROUPS = YES;
				STRING_CATALOG_GENERATE_SYMBOLS = YES;
				SWIFT_APPROACHABLE_CONCURRENCY = YES;
				SWIFT_DEFAULT_ACTOR_ISOLATION = MainActor;
				SWIFT_EMIT_LOC_STRINGS = YES;
				SWIFT_UPCOMING_FEATURE_MEMBER_IMPORT_VISIBILITY = YES;
				SWIFT_VERSION = 5.0;
			};
			name = Release;
		};
/* End XCBuildConfiguration section */

/* Begin XCConfigurationList section */
		6F7C62DF2F7257AD0028FA9C /* Build configuration list for PBXProject "SNAPPED" */ = {
			isa = XCConfigurationList;
			buildConfigurations = (
				6F7C63072F7257AF0028FA9C /* Debug */,
				6F7C63082F7257AF0028FA9C /* Release */,
			);
			defaultConfigurationIsVisible = 0;
			defaultConfigurationName = Release;
		};
		6F7C63092F7257AF0028FA9C /* Build configuration list for PBXNativeTarget "SNAPPED Extension" */ = {
			isa = XCConfigurationList;
			buildConfigurations = (
				6F7C630A2F7257AF0028FA9C /* Debug */,
				6F7C630B2F7257AF0028FA9C /* Release */,
			);
			defaultConfigurationIsVisible = 0;
			defaultConfigurationName = Release;
		};
		6F7C630D2F7257AF0028FA9C /* Build configuration list for PBXNativeTarget "SNAPPED" */ = {
			isa = XCConfigurationList;
			buildConfigurations = (
				6F7C630E2F7257AF0028FA9C /* Debug */,
				6F7C630F2F7257AF0028FA9C /* Release */,
			);
			defaultConfigurationIsVisible = 0;
			defaultConfigurationName = Release;
		};
/* End XCConfigurationList section */
	};
	rootObject = 6F7C62DC2F7257AD0028FA9C /* Project object */;
}
